
Microsoft Visual Studio Solution File, Format Version 12.00
# Visual Studio Version 17
VisualStudioVersion = 17.5.002.0
MinimumVisualStudioVersion = 10.0.40219.1
Project("{9A19103F-16F7-4668-BE54-9A1E7A4F7556}") = "Assignment", "Assignment.csproj", "{2DC0CAEF-EA01-41DD-B7C3-F99CEE20DA8E}"
EndProject
Global
	GlobalSection(SolutionConfigurationPlatforms) = preSolution
		Debug|Any CPU = Debug|Any CPU
		Release|Any CPU = Release|Any CPU
	EndGlobalSection
	GlobalSection(ProjectConfigurationPlatforms) = postSolution
		{2DC0CAEF-EA01-41DD-B7C3-F99CEE20DA8E}.Debug|Any CPU.ActiveCfg = Debug|Any CPU
		{2DC0CAEF-EA01-41DD-B7C3-F99CEE20DA8E}.Debug|Any CPU.Build.0 = Debug|Any CPU
		{2DC0CAEF-EA01-41DD-B7C3-F99CEE20DA8E}.Release|Any CPU.ActiveCfg = Release|Any CPU
		{2DC0CAEF-EA01-41DD-B7C3-F99CEE20DA8E}.Release|Any CPU.Build.0 = Release|Any CPU
	EndGlobalSection
	GlobalSection(SolutionProperties) = preSolution
		HideSolutionNode = FALSE
	EndGlobalSection
	GlobalSection(ExtensibilityGlobals) = postSolution
		SolutionGuid = {4ADFD79F-6794-43E8-A769-0E85B6F7C562}
	EndGlobalSection
EndGlobal
